
Microsoft Visual Studio Solution File, Format Version 11.00
# Visual Studio 2010
Project("{F2A71F9B-5D33-465A-A702-920D77279786}") = "Website", "Website\Website.fsproj", "{CE0C6DD7-9439-430E-BDE1-FCA4D76C7756}"
EndProject
Project("{FAE04EC0-301F-11D3-BF4B-00C04F79EFBC}") = "Web", "Web\Web.csproj", "{1D3E209E-2B33-477B-832F-D51D48377A43}"
EndProject
Project("{F2A71F9B-5D33-465A-A702-920D77279786}") = "IntelliFactory.WebSharper.CodeMirror", "IntelliFactory.WebSharper.CodeMirror\IntelliFactory.WebSharper.CodeMirror.fsproj", "{64CA108D-FC9F-46D6-AA9C-D19DFDBD2032}"
EndProject
Global
	GlobalSection(SolutionConfigurationPlatforms) = preSolution
		Debug|Any CPU = Debug|Any CPU
		Release|Any CPU = Release|Any CPU
	EndGlobalSection
	GlobalSection(ProjectConfigurationPlatforms) = postSolution
		{CE0C6DD7-9439-430E-BDE1-FCA4D76C7756}.Debug|Any CPU.ActiveCfg = Debug|Any CPU
		{CE0C6DD7-9439-430E-BDE1-FCA4D76C7756}.Debug|Any CPU.Build.0 = Debug|Any CPU
		{CE0C6DD7-9439-430E-BDE1-FCA4D76C7756}.Release|Any CPU.ActiveCfg = Release|Any CPU
		{CE0C6DD7-9439-430E-BDE1-FCA4D76C7756}.Release|Any CPU.Build.0 = Release|Any CPU
		{1D3E209E-2B33-477B-832F-D51D48377A43}.Debug|Any CPU.ActiveCfg = Debug|Any CPU
		{1D3E209E-2B33-477B-832F-D51D48377A43}.Debug|Any CPU.Build.0 = Debug|Any CPU
		{1D3E209E-2B33-477B-832F-D51D48377A43}.Release|Any CPU.ActiveCfg = Release|Any CPU
		{1D3E209E-2B33-477B-832F-D51D48377A43}.Release|Any CPU.Build.0 = Release|Any CPU
		{64CA108D-FC9F-46D6-AA9C-D19DFDBD2032}.Debug|Any CPU.ActiveCfg = Debug|Any CPU
		{64CA108D-FC9F-46D6-AA9C-D19DFDBD2032}.Debug|Any CPU.Build.0 = Debug|Any CPU
		{64CA108D-FC9F-46D6-AA9C-D19DFDBD2032}.Release|Any CPU.ActiveCfg = Release|Any CPU
		{64CA108D-FC9F-46D6-AA9C-D19DFDBD2032}.Release|Any CPU.Build.0 = Release|Any CPU
	EndGlobalSection
	GlobalSection(SolutionProperties) = preSolution
		HideSolutionNode = FALSE
	EndGlobalSection
EndGlobal
